// !$*UTF8*$!
{
	archiveVersion = 1;
	classes = {
	};
	objectVersion = 50;
	objects = {

/* Begin PBXBuildFile section */
		C56C74F526E24623000D32CD /* SettingsView.swift in Sources */ = {isa = PBXBuildFile; fileRef = C56C74F426E24623000D32CD /* SettingsView.swift */; };
		C56C74F726E249AC000D32CD /* SettingsViewController.swift in Sources */ = {isa = PBXBuildFile; fileRef = C56C74F626E249AC000D32CD /* SettingsViewController.swift */; };
		C56C74F926E249DB000D32CD /* SettingsViewModel.swift in Sources */ = {isa = PBXBuildFile; fileRef = C56C74F826E249DB000D32CD /* SettingsViewModel.swift */; };
		C56C74FC26E4C408000D32CD /* SettingsPersistenceService.swift in Sources */ = {isa = PBXBuildFile; fileRef = C56C74FB26E4C408000D32CD /* SettingsPersistenceService.swift */; };
		C56C74FF26E4C45F000D32CD /* Settings.swift in Sources */ = {isa = PBXBuildFile; fileRef = C56C74FE26E4C45F000D32CD /* Settings.swift */; };
		C56C750126E4C6F3000D32CD /* ServiceFactory.swift in Sources */ = {isa = PBXBuildFile; fileRef = C56C750026E4C6F3000D32CD /* ServiceFactory.swift */; };
		C56C750326E60B10000D32CD /* WeatherData.swift in Sources */ = {isa = PBXBuildFile; fileRef = C56C750226E60B10000D32CD /* WeatherData.swift */; };
		C56C750526E60E58000D32CD /* DataService.swift in Sources */ = {isa = PBXBuildFile; fileRef = C56C750426E60E58000D32CD /* DataService.swift */; };
		C5B1BDF926E0C0CA00579339 /* AppDelegate.swift in Sources */ = {isa = PBXBuildFile; fileRef = C5B1BDF826E0C0CA00579339 /* AppDelegate.swift */; };
		C5B1BDFB26E0C0CA00579339 /* SceneDelegate.swift in Sources */ = {isa = PBXBuildFile; fileRef = C5B1BDFA26E0C0CA00579339 /* SceneDelegate.swift */; };
		C5B1BE0026E0C0CA00579339 /* Main.storyboard in Resources */ = {isa = PBXBuildFile; fileRef = C5B1BDFE26E0C0CA00579339 /* Main.storyboard */; };
		C5B1BE0226E0C0CC00579339 /* Assets.xcassets in Resources */ = {isa = PBXBuildFile; fileRef = C5B1BE0126E0C0CC00579339 /* Assets.xcassets */; };
		C5B1BE0526E0C0CC00579339 /* LaunchScreen.storyboard in Resources */ = {isa = PBXBuildFile; fileRef = C5B1BE0326E0C0CC00579339 /* LaunchScreen.storyboard */; };
		C5B1BE0F26E0C10800579339 /* Coordinator.swift in Sources */ = {isa = PBXBuildFile; fileRef = C5B1BE0E26E0C10800579339 /* Coordinator.swift */; };
		C5B1BE1126E0C14B00579339 /* RootCoordinator.swift in Sources */ = {isa = PBXBuildFile; fileRef = C5B1BE1026E0C14B00579339 /* RootCoordinator.swift */; };
		C5B1BE1426E0C19700579339 /* HomeCoordinator.swift in Sources */ = {isa = PBXBuildFile; fileRef = C5B1BE1326E0C19700579339 /* HomeCoordinator.swift */; };
		C5B1BE1826E0C28400579339 /* ConstraintsExtension.swift in Sources */ = {isa = PBXBuildFile; fileRef = C5B1BE1626E0C28400579339 /* ConstraintsExtension.swift */; };
		C5B1BE1926E0C28400579339 /* UIViewControllerExtension.swift in Sources */ = {isa = PBXBuildFile; fileRef = C5B1BE1726E0C28400579339 /* UIViewControllerExtension.swift */; };
		C5B1BE1B26E0C2A500579339 /* HomeViewController.swift in Sources */ = {isa = PBXBuildFile; fileRef = C5B1BE1A26E0C2A500579339 /* HomeViewController.swift */; };
		C5B1BE1F26E0F3FB00579339 /* HomeView.swift in Sources */ = {isa = PBXBuildFile; fileRef = C5B1BE1E26E0F3FB00579339 /* HomeView.swift */; };
		C5B1BE2226E1F78400579339 /* SearchView.swift in Sources */ = {isa = PBXBuildFile; fileRef = C5B1BE2126E1F78400579339 /* SearchView.swift */; };
		C5B1BE2426E1F83B00579339 /* SearchViewController.swift in Sources */ = {isa = PBXBuildFile; fileRef = C5B1BE2326E1F83B00579339 /* SearchViewController.swift */; };
		C5B1BE2826E1FC7800579339 /* SearchTableViewCell.swift in Sources */ = {isa = PBXBuildFile; fileRef = C5B1BE2626E1FC7800579339 /* SearchTableViewCell.swift */; };
		C5B1BE2926E1FC7800579339 /* SearchTableViewCell.xib in Resources */ = {isa = PBXBuildFile; fileRef = C5B1BE2726E1FC7800579339 /* SearchTableViewCell.xib */; };
		C5B1BE2B26E2070000579339 /* HomeViewModel.swift in Sources */ = {isa = PBXBuildFile; fileRef = C5B1BE2A26E2070000579339 /* HomeViewModel.swift */; };
		C5B1BE2D26E20C6F00579339 /* SearchViewModel.swift in Sources */ = {isa = PBXBuildFile; fileRef = C5B1BE2C26E20C6F00579339 /* SearchViewModel.swift */; };
		C5B1BE2F26E2120900579339 /* NavigationControllerExtension.swift in Sources */ = {isa = PBXBuildFile; fileRef = C5B1BE2E26E2120900579339 /* NavigationControllerExtension.swift */; };
/* End PBXBuildFile section */

/* Begin PBXFileReference section */
		C56C74F426E24623000D32CD /* SettingsView.swift */ = {isa = PBXFileReference; lastKnownFileType = sourcecode.swift; path = SettingsView.swift; sourceTree = "<group>"; };
		C56C74F626E249AC000D32CD /* SettingsViewController.swift */ = {isa = PBXFileReference; lastKnownFileType = sourcecode.swift; path = SettingsViewController.swift; sourceTree = "<group>"; };
		C56C74F826E249DB000D32CD /* SettingsViewModel.swift */ = {isa = PBXFileReference; lastKnownFileType = sourcecode.swift; path = SettingsViewModel.swift; sourceTree = "<group>"; };
		C56C74FB26E4C408000D32CD /* SettingsPersistenceService.swift */ = {isa = PBXFileReference; lastKnownFileType = sourcecode.swift; path = SettingsPersistenceService.swift; sourceTree = "<group>"; };
		C56C74FE26E4C45F000D32CD /* Settings.swift */ = {isa = PBXFileReference; lastKnownFileType = sourcecode.swift; path = Settings.swift; sourceTree = "<group>"; };
		C56C750026E4C6F3000D32CD /* ServiceFactory.swift */ = {isa = PBXFileReference; lastKnownFileType = sourcecode.swift; path = ServiceFactory.swift; sourceTree = "<group>"; };
		C56C750226E60B10000D32CD /* WeatherData.swift */ = {isa = PBXFileReference; lastKnownFileType = sourcecode.swift; path = WeatherData.swift; sourceTree = "<group>"; };
		C56C750426E60E58000D32CD /* DataService.swift */ = {isa = PBXFileReference; lastKnownFileType = sourcecode.swift; path = DataService.swift; sourceTree = "<group>"; };
		C5B1BDF526E0C0CA00579339 /* WeatherAppShowcase.app */ = {isa = PBXFileReference; explicitFileType = wrapper.application; includeInIndex = 0; path = WeatherAppShowcase.app; sourceTree = BUILT_PRODUCTS_DIR; };
		C5B1BDF826E0C0CA00579339 /* AppDelegate.swift */ = {isa = PBXFileReference; lastKnownFileType = sourcecode.swift; path = AppDelegate.swift; sourceTree = "<group>"; };
		C5B1BDFA26E0C0CA00579339 /* SceneDelegate.swift */ = {isa = PBXFileReference; lastKnownFileType = sourcecode.swift; path = SceneDelegate.swift; sourceTree = "<group>"; };
		C5B1BDFF26E0C0CA00579339 /* Base */ = {isa = PBXFileReference; lastKnownFileType = file.storyboard; name = Base; path = Base.lproj/Main.storyboard; sourceTree = "<group>"; };
		C5B1BE0126E0C0CC00579339 /* Assets.xcassets */ = {isa = PBXFileReference; lastKnownFileType = folder.assetcatalog; path = Assets.xcassets; sourceTree = "<group>"; };
		C5B1BE0426E0C0CC00579339 /* Base */ = {isa = PBXFileReference; lastKnownFileType = file.storyboard; name = Base; path = Base.lproj/LaunchScreen.storyboard; sourceTree = "<group>"; };
		C5B1BE0626E0C0CC00579339 /* Info.plist */ = {isa = PBXFileReference; lastKnownFileType = text.plist.xml; path = Info.plist; sourceTree = "<group>"; };
		C5B1BE0E26E0C10800579339 /* Coordinator.swift */ = {isa = PBXFileReference; lastKnownFileType = sourcecode.swift; path = Coordinator.swift; sourceTree = "<group>"; };
		C5B1BE1026E0C14B00579339 /* RootCoordinator.swift */ = {isa = PBXFileReference; lastKnownFileType = sourcecode.swift; path = RootCoordinator.swift; sourceTree = "<group>"; };
		C5B1BE1326E0C19700579339 /* HomeCoordinator.swift */ = {isa = PBXFileReference; lastKnownFileType = sourcecode.swift; path = HomeCoordinator.swift; sourceTree = "<group>"; };
		C5B1BE1626E0C28400579339 /* ConstraintsExtension.swift */ = {isa = PBXFileReference; fileEncoding = 4; lastKnownFileType = sourcecode.swift; path = ConstraintsExtension.swift; sourceTree = "<group>"; };
		C5B1BE1726E0C28400579339 /* UIViewControllerExtension.swift */ = {isa = PBXFileReference; fileEncoding = 4; lastKnownFileType = sourcecode.swift; path = UIViewControllerExtension.swift; sourceTree = "<group>"; };
		C5B1BE1A26E0C2A500579339 /* HomeViewController.swift */ = {isa = PBXFileReference; lastKnownFileType = sourcecode.swift; path = HomeViewController.swift; sourceTree = "<group>"; };
		C5B1BE1E26E0F3FB00579339 /* HomeView.swift */ = {isa = PBXFileReference; lastKnownFileType = sourcecode.swift; path = HomeView.swift; sourceTree = "<group>"; };
		C5B1BE2126E1F78400579339 /* SearchView.swift */ = {isa = PBXFileReference; lastKnownFileType = sourcecode.swift; path = SearchView.swift; sourceTree = "<group>"; };
		C5B1BE2326E1F83B00579339 /* SearchViewController.swift */ = {isa = PBXFileReference; lastKnownFileType = sourcecode.swift; path = SearchViewController.swift; sourceTree = "<group>"; };
		C5B1BE2626E1FC7800579339 /* SearchTableViewCell.swift */ = {isa = PBXFileReference; lastKnownFileType = sourcecode.swift; path = SearchTableViewCell.swift; sourceTree = "<group>"; };
		C5B1BE2726E1FC7800579339 /* SearchTableViewCell.xib */ = {isa = PBXFileReference; lastKnownFileType = file.xib; path = SearchTableViewCell.xib; sourceTree = "<group>"; };
		C5B1BE2A26E2070000579339 /* HomeViewModel.swift */ = {isa = PBXFileReference; lastKnownFileType = sourcecode.swift; path = HomeViewModel.swift; sourceTree = "<group>"; };
		C5B1BE2C26E20C6F00579339 /* SearchViewModel.swift */ = {isa = PBXFileReference; lastKnownFileType = sourcecode.swift; path = SearchViewModel.swift; sourceTree = "<group>"; };
		C5B1BE2E26E2120900579339 /* NavigationControllerExtension.swift */ = {isa = PBXFileReference; lastKnownFileType = sourcecode.swift; path = NavigationControllerExtension.swift; sourceTree = "<group>"; };
/* End PBXFileReference section */

/* Begin PBXFrameworksBuildPhase section */
		C5B1BDF226E0C0CA00579339 /* Frameworks */ = {
			isa = PBXFrameworksBuildPhase;
			buildActionMask = 2147483647;
			files = (
			);
			runOnlyForDeploymentPostprocessing = 0;
		};
/* End PBXFrameworksBuildPhase section */

/* Begin PBXGroup section */
		C56C74F326E24606000D32CD /* SettingsVC */ = {
			isa = PBXGroup;
			children = (
				C56C74F826E249DB000D32CD /* SettingsViewModel.swift */,
				C56C74F426E24623000D32CD /* SettingsView.swift */,
				C56C74F626E249AC000D32CD /* SettingsViewController.swift */,
			);
			path = SettingsVC;
			sourceTree = "<group>";
		};
		C56C74FA26E4C3EA000D32CD /* Services */ = {
			isa = PBXGroup;
			children = (
				C56C750026E4C6F3000D32CD /* ServiceFactory.swift */,
				C56C74FB26E4C408000D32CD /* SettingsPersistenceService.swift */,
				C56C750426E60E58000D32CD /* DataService.swift */,
			);
			path = Services;
			sourceTree = "<group>";
		};
		C56C74FD26E4C450000D32CD /* Model */ = {
			isa = PBXGroup;
			children = (
				C56C750226E60B10000D32CD /* WeatherData.swift */,
				C56C74FE26E4C45F000D32CD /* Settings.swift */,
			);
			path = Model;
			sourceTree = "<group>";
		};
		C5B1BDEC26E0C0CA00579339 = {
			isa = PBXGroup;
			children = (
				C5B1BDF726E0C0CA00579339 /* WeatherAppShowcase */,
				C5B1BDF626E0C0CA00579339 /* Products */,
			);
			sourceTree = "<group>";
		};
		C5B1BDF626E0C0CA00579339 /* Products */ = {
			isa = PBXGroup;
			children = (
				C5B1BDF526E0C0CA00579339 /* WeatherAppShowcase.app */,
			);
			name = Products;
			sourceTree = "<group>";
		};
		C5B1BDF726E0C0CA00579339 /* WeatherAppShowcase */ = {
			isa = PBXGroup;
			children = (
				C5B1BDF826E0C0CA00579339 /* AppDelegate.swift */,
				C5B1BDFA26E0C0CA00579339 /* SceneDelegate.swift */,
				C56C74FD26E4C450000D32CD /* Model */,
				C56C74FA26E4C3EA000D32CD /* Services */,
				C5B1BE0C26E0C0D300579339 /* UI */,
				C5B1BE1226E0C18200579339 /* HomeVC */,
				C5B1BE2026E1F76A00579339 /* SearchVC */,
				C56C74F326E24606000D32CD /* SettingsVC */,
				C5B1BE1526E0C27000579339 /* Common */,
				C5B1BDFE26E0C0CA00579339 /* Main.storyboard */,
				C5B1BE0126E0C0CC00579339 /* Assets.xcassets */,
				C5B1BE0326E0C0CC00579339 /* LaunchScreen.storyboard */,
				C5B1BE0626E0C0CC00579339 /* Info.plist */,
			);
			path = WeatherAppShowcase;
			sourceTree = "<group>";
		};
		C5B1BE0C26E0C0D300579339 /* UI */ = {
			isa = PBXGroup;
			children = (
				C5B1BE0D26E0C0F600579339 /* RootCoordinator */,
			);
			path = UI;
			sourceTree = "<group>";
		};
		C5B1BE0D26E0C0F600579339 /* RootCoordinator */ = {
			isa = PBXGroup;
			children = (
				C5B1BE0E26E0C10800579339 /* Coordinator.swift */,
				C5B1BE1026E0C14B00579339 /* RootCoordinator.swift */,
			);
			path = RootCoordinator;
			sourceTree = "<group>";
		};
		C5B1BE1226E0C18200579339 /* HomeVC */ = {
			isa = PBXGroup;
			children = (
				C5B1BE1326E0C19700579339 /* HomeCoordinator.swift */,
				C5B1BE2A26E2070000579339 /* HomeViewModel.swift */,
				C5B1BE1E26E0F3FB00579339 /* HomeView.swift */,
				C5B1BE1A26E0C2A500579339 /* HomeViewController.swift */,
			);
			path = HomeVC;
			sourceTree = "<group>";
		};
		C5B1BE1526E0C27000579339 /* Common */ = {
			isa = PBXGroup;
			children = (
				C5B1BE1626E0C28400579339 /* ConstraintsExtension.swift */,
				C5B1BE1726E0C28400579339 /* UIViewControllerExtension.swift */,
				C5B1BE2E26E2120900579339 /* NavigationControllerExtension.swift */,
			);
			path = Common;
			sourceTree = "<group>";
		};
		C5B1BE2026E1F76A00579339 /* SearchVC */ = {
			isa = PBXGroup;
			children = (
				C5B1BE2526E1FC4A00579339 /* cell */,
				C5B1BE2C26E20C6F00579339 /* SearchViewModel.swift */,
				C5B1BE2126E1F78400579339 /* SearchView.swift */,
				C5B1BE2326E1F83B00579339 /* SearchViewController.swift */,
			);
			path = SearchVC;
			sourceTree = "<group>";
		};
		C5B1BE2526E1FC4A00579339 /* cell */ = {
			isa = PBXGroup;
			children = (
				C5B1BE2626E1FC7800579339 /* SearchTableViewCell.swift */,
				C5B1BE2726E1FC7800579339 /* SearchTableViewCell.xib */,
			);
			path = cell;
			sourceTree = "<group>";
		};
/* End PBXGroup section */

/* Begin PBXNativeTarget section */
		C5B1BDF426E0C0CA00579339 /* WeatherAppShowcase */ = {
			isa = PBXNativeTarget;
			buildConfigurationList = C5B1BE0926E0C0CC00579339 /* Build configuration list for PBXNativeTarget "WeatherAppShowcase" */;
			buildPhases = (
				C5B1BDF126E0C0CA00579339 /* Sources */,
				C5B1BDF226E0C0CA00579339 /* Frameworks */,
				C5B1BDF326E0C0CA00579339 /* Resources */,
			);
			buildRules = (
			);
			dependencies = (
			);
			name = WeatherAppShowcase;
			productName = WeatherAppShowcase;
			productReference = C5B1BDF526E0C0CA00579339 /* WeatherAppShowcase.app */;
			productType = "com.apple.product-type.application";
		};
/* End PBXNativeTarget section */

/* Begin PBXProject section */
		C5B1BDED26E0C0CA00579339 /* Project object */ = {
			isa = PBXProject;
			attributes = {
				LastSwiftUpdateCheck = 1250;
				LastUpgradeCheck = 1250;
				TargetAttributes = {
					C5B1BDF426E0C0CA00579339 = {
						CreatedOnToolsVersion = 12.5.1;
					};
				};
			};
			buildConfigurationList = C5B1BDF026E0C0CA00579339 /* Build configuration list for PBXProject "WeatherAppShowcase" */;
			compatibilityVersion = "Xcode 9.3";
			developmentRegion = en;
			hasScannedForEncodings = 0;
			knownRegions = (
				en,
				Base,
			);
			mainGroup = C5B1BDEC26E0C0CA00579339;
			productRefGroup = C5B1BDF626E0C0CA00579339 /* Products */;
			projectDirPath = "";
			projectRoot = "";
			targets = (
				C5B1BDF426E0C0CA00579339 /* WeatherAppShowcase */,
			);
		};
/* End PBXProject section */

/* Begin PBXResourcesBuildPhase section */
		C5B1BDF326E0C0CA00579339 /* Resources */ = {
			isa = PBXResourcesBuildPhase;
			buildActionMask = 2147483647;
			files = (
				C5B1BE0526E0C0CC00579339 /* LaunchScreen.storyboard in Resources */,
				C5B1BE2926E1FC7800579339 /* SearchTableViewCell.xib in Resources */,
				C5B1BE0226E0C0CC00579339 /* Assets.xcassets in Resources */,
				C5B1BE0026E0C0CA00579339 /* Main.storyboard in Resources */,
			);
			runOnlyForDeploymentPostprocessing = 0;
		};
/* End PBXResourcesBuildPhase section */

/* Begin PBXSourcesBuildPhase section */
		C5B1BDF126E0C0CA00579339 /* Sources */ = {
			isa = PBXSourcesBuildPhase;
			buildActionMask = 2147483647;
			files = (
				C5B1BE2226E1F78400579339 /* SearchView.swift in Sources */,
				C5B1BE2426E1F83B00579339 /* SearchViewController.swift in Sources */,
				C5B1BE1F26E0F3FB00579339 /* HomeView.swift in Sources */,
				C5B1BE1826E0C28400579339 /* ConstraintsExtension.swift in Sources */,
				C5B1BE2F26E2120900579339 /* NavigationControllerExtension.swift in Sources */,
				C56C750526E60E58000D32CD /* DataService.swift in Sources */,
				C5B1BE0F26E0C10800579339 /* Coordinator.swift in Sources */,
				C5B1BE1126E0C14B00579339 /* RootCoordinator.swift in Sources */,
				C5B1BE1B26E0C2A500579339 /* HomeViewController.swift in Sources */,
				C5B1BDF926E0C0CA00579339 /* AppDelegate.swift in Sources */,
				C56C74F526E24623000D32CD /* SettingsView.swift in Sources */,
				C5B1BE2D26E20C6F00579339 /* SearchViewModel.swift in Sources */,
				C56C750126E4C6F3000D32CD /* ServiceFactory.swift in Sources */,
				C5B1BE2B26E2070000579339 /* HomeViewModel.swift in Sources */,
				C56C74F726E249AC000D32CD /* SettingsViewController.swift in Sources */,
				C5B1BDFB26E0C0CA00579339 /* SceneDelegate.swift in Sources */,
				C56C74FF26E4C45F000D32CD /* Settings.swift in Sources */,
				C56C750326E60B10000D32CD /* WeatherData.swift in Sources */,
				C5B1BE2826E1FC7800579339 /* SearchTableViewCell.swift in Sources */,
				C5B1BE1926E0C28400579339 /* UIViewControllerExtension.swift in Sources */,
				C5B1BE1426E0C19700579339 /* HomeCoordinator.swift in Sources */,
				C56C74F926E249DB000D32CD /* SettingsViewModel.swift in Sources */,
				C56C74FC26E4C408000D32CD /* SettingsPersistenceService.swift in Sources */,
			);
			runOnlyForDeploymentPostprocessing = 0;
		};
/* End PBXSourcesBuildPhase section */

/* Begin PBXVariantGroup section */
		C5B1BDFE26E0C0CA00579339 /* Main.storyboard */ = {
			isa = PBXVariantGroup;
			children = (
				C5B1BDFF26E0C0CA00579339 /* Base */,
			);
			name = Main.storyboard;
			sourceTree = "<group>";
		};
		C5B1BE0326E0C0CC00579339 /* LaunchScreen.storyboard */ = {
			isa = PBXVariantGroup;
			children = (
				C5B1BE0426E0C0CC00579339 /* Base */,
			);
			name = LaunchScreen.storyboard;
			sourceTree = "<group>";
		};
/* End PBXVariantGroup section */

/* Begin XCBuildConfiguration section */
		C5B1BE0726E0C0CC00579339 /* Debug */ = {
			isa = XCBuildConfiguration;
			buildSettings = {
				ALWAYS_SEARCH_USER_PATHS = NO;
				CLANG_ANALYZER_NONNULL = YES;
				CLANG_ANALYZER_NUMBER_OBJECT_CONVERSION = YES_AGGRESSIVE;
				CLANG_CXX_LANGUAGE_STANDARD = "gnu++14";
				CLANG_CXX_LIBRARY = "libc++";
				CLANG_ENABLE_MODULES = YES;
				CLANG_ENABLE_OBJC_ARC = YES;
				CLANG_ENABLE_OBJC_WEAK = YES;
				CLANG_WARN_BLOCK_CAPTURE_AUTORELEASING = YES;
				CLANG_WARN_BOOL_CONVERSION = YES;
				CLANG_WARN_COMMA = YES;
				CLANG_WARN_CONSTANT_CONVERSION = YES;
				CLANG_WARN_DEPRECATED_OBJC_IMPLEMENTATIONS = YES;
				CLANG_WARN_DIRECT_OBJC_ISA_USAGE = YES_ERROR;
				CLANG_WARN_DOCUMENTATION_COMMENTS = YES;
				CLANG_WARN_EMPTY_BODY = YES;
				CLANG_WARN_ENUM_CONVERSION = YES;
				CLANG_WARN_INFINITE_RECURSION = YES;
				CLANG_WARN_INT_CONVERSION = YES;
				CLANG_WARN_NON_LITERAL_NULL_CONVERSION = YES;
				CLANG_WARN_OBJC_IMPLICIT_RETAIN_SELF = YES;
				CLANG_WARN_OBJC_LITERAL_CONVERSION = YES;
				CLANG_WARN_OBJC_ROOT_CLASS = YES_ERROR;
				CLANG_WARN_QUOTED_INCLUDE_IN_FRAMEWORK_HEADER = YES;
				CLANG_WARN_RANGE_LOOP_ANALYSIS = YES;
				CLANG_WARN_STRICT_PROTOTYPES = YES;
				CLANG_WARN_SUSPICIOUS_MOVE = YES;
				CLANG_WARN_UNGUARDED_AVAILABILITY = YES_AGGRESSIVE;
				CLANG_WARN_UNREACHABLE_CODE = YES;
				CLANG_WARN__DUPLICATE_METHOD_MATCH = YES;
				COPY_PHASE_STRIP = NO;
				DEBUG_INFORMATION_FORMAT = dwarf;
				ENABLE_STRICT_OBJC_MSGSEND = YES;
				ENABLE_TESTABILITY = YES;
				GCC_C_LANGUAGE_STANDARD = gnu11;
				GCC_DYNAMIC_NO_PIC = NO;
				GCC_NO_COMMON_BLOCKS = YES;
				GCC_OPTIMIZATION_LEVEL = 0;
				GCC_PREPROCESSOR_DEFINITIONS = (
					"DEBUG=1",
					"$(inherited)",
				);
				GCC_WARN_64_TO_32_BIT_CONVERSION = YES;
				GCC_WARN_ABOUT_RETURN_TYPE = YES_ERROR;
				GCC_WARN_UNDECLARED_SELECTOR = YES;
				GCC_WARN_UNINITIALIZED_AUTOS = YES_AGGRESSIVE;
				GCC_WARN_UNUSED_FUNCTION = YES;
				GCC_WARN_UNUSED_VARIABLE = YES;
				IPHONEOS_DEPLOYMENT_TARGET = 14.5;
				MTL_ENABLE_DEBUG_INFO = INCLUDE_SOURCE;
				MTL_FAST_MATH = YES;
				ONLY_ACTIVE_ARCH = YES;
				SDKROOT = iphoneos;
				SWIFT_ACTIVE_COMPILATION_CONDITIONS = DEBUG;
				SWIFT_OPTIMIZATION_LEVEL = "-Onone";
			};
			name = Debug;
		};
		C5B1BE0826E0C0CC00579339 /* Release */ = {
			isa = XCBuildConfiguration;
			buildSettings = {
				ALWAYS_SEARCH_USER_PATHS = NO;
				CLANG_ANALYZER_NONNULL = YES;
				CLANG_ANALYZER_NUMBER_OBJECT_CONVERSION = YES_AGGRESSIVE;
				CLANG_CXX_LANGUAGE_STANDARD = "gnu++14";
				CLANG_CXX_LIBRARY = "libc++";
				CLANG_ENABLE_MODULES = YES;
				CLANG_ENABLE_OBJC_ARC = YES;
				CLANG_ENABLE_OBJC_WEAK = YES;
				CLANG_WARN_BLOCK_CAPTURE_AUTORELEASING = YES;
				CLANG_WARN_BOOL_CONVERSION = YES;
				CLANG_WARN_COMMA = YES;
				CLANG_WARN_CONSTANT_CONVERSION = YES;
				CLANG_WARN_DEPRECATED_OBJC_IMPLEMENTATIONS = YES;
				CLANG_WARN_DIRECT_OBJC_ISA_USAGE = YES_ERROR;
				CLANG_WARN_DOCUMENTATION_COMMENTS = YES;
				CLANG_WARN_EMPTY_BODY = YES;
				CLANG_WARN_ENUM_CONVERSION = YES;
				CLANG_WARN_INFINITE_RECURSION = YES;
				CLANG_WARN_INT_CONVERSION = YES;
				CLANG_WARN_NON_LITERAL_NULL_CONVERSION = YES;
				CLANG_WARN_OBJC_IMPLICIT_RETAIN_SELF = YES;
				CLANG_WARN_OBJC_LITERAL_CONVERSION = YES;
				CLANG_WARN_OBJC_ROOT_CLASS = YES_ERROR;
				CLANG_WARN_QUOTED_INCLUDE_IN_FRAMEWORK_HEADER = YES;
				CLANG_WARN_RANGE_LOOP_ANALYSIS = YES;
				CLANG_WARN_STRICT_PROTOTYPES = YES;
				CLANG_WARN_SUSPICIOUS_MOVE = YES;
				CLANG_WARN_UNGUARDED_AVAILABILITY = YES_AGGRESSIVE;
				CLANG_WARN_UNREACHABLE_CODE = YES;
				CLANG_WARN__DUPLICATE_METHOD_MATCH = YES;
				COPY_PHASE_STRIP = NO;
				DEBUG_INFORMATION_FORMAT = "dwarf-with-dsym";
				ENABLE_NS_ASSERTIONS = NO;
				ENABLE_STRICT_OBJC_MSGSEND = YES;
				GCC_C_LANGUAGE_STANDARD = gnu11;
				GCC_NO_COMMON_BLOCKS = YES;
				GCC_WARN_64_TO_32_BIT_CONVERSION = YES;
				GCC_WARN_ABOUT_RETURN_TYPE = YES_ERROR;
				GCC_WARN_UNDECLARED_SELECTOR = YES;
				GCC_WARN_UNINITIALIZED_AUTOS = YES_AGGRESSIVE;
				GCC_WARN_UNUSED_FUNCTION = YES;
				GCC_WARN_UNUSED_VARIABLE = YES;
				IPHONEOS_DEPLOYMENT_TARGET = 14.5;
				MTL_ENABLE_DEBUG_INFO = NO;
				MTL_FAST_MATH = YES;
				SDKROOT = iphoneos;
				SWIFT_COMPILATION_MODE = wholemodule;
				SWIFT_OPTIMIZATION_LEVEL = "-O";
				VALIDATE_PRODUCT = YES;
			};
			name = Release;
		};
		C5B1BE0A26E0C0CC00579339 /* Debug */ = {
			isa = XCBuildConfiguration;
			buildSettings = {
				ASSETCATALOG_COMPILER_APPICON_NAME = AppIcon;
				ASSETCATALOG_COMPILER_GLOBAL_ACCENT_COLOR_NAME = AccentColor;
				CODE_SIGN_STYLE = Automatic;
				DEVELOPMENT_TEAM = QHG34765G4;
				INFOPLIST_FILE = WeatherAppShowcase/Info.plist;
				LD_RUNPATH_SEARCH_PATHS = (
					"$(inherited)",
					"@executable_path/Frameworks",
				);
				PRODUCT_BUNDLE_IDENTIFIER = Paste89.WeatherAppShowcase;
				PRODUCT_NAME = "$(TARGET_NAME)";
				SWIFT_VERSION = 5.0;
				TARGETED_DEVICE_FAMILY = "1,2";
			};
			name = Debug;
		};
		C5B1BE0B26E0C0CC00579339 /* Release */ = {
			isa = XCBuildConfiguration;
			buildSettings = {
				ASSETCATALOG_COMPILER_APPICON_NAME = AppIcon;
				ASSETCATALOG_COMPILER_GLOBAL_ACCENT_COLOR_NAME = AccentColor;
				CODE_SIGN_STYLE = Automatic;
				DEVELOPMENT_TEAM = QHG34765G4;
				INFOPLIST_FILE = WeatherAppShowcase/Info.plist;
				LD_RUNPATH_SEARCH_PATHS = (
					"$(inherited)",
					"@executable_path/Frameworks",
				);
				PRODUCT_BUNDLE_IDENTIFIER = Paste89.WeatherAppShowcase;
				PRODUCT_NAME = "$(TARGET_NAME)";
				SWIFT_VERSION = 5.0;
				TARGETED_DEVICE_FAMILY = "1,2";
			};
			name = Release;
		};
/* End XCBuildConfiguration section */

/* Begin XCConfigurationList section */
		C5B1BDF026E0C0CA00579339 /* Build configuration list for PBXProject "WeatherAppShowcase" */ = {
			isa = XCConfigurationList;
			buildConfigurations = (
				C5B1BE0726E0C0CC00579339 /* Debug */,
				C5B1BE0826E0C0CC00579339 /* Release */,
			);
			defaultConfigurationIsVisible = 0;
			defaultConfigurationName = Release;
		};
		C5B1BE0926E0C0CC00579339 /* Build configuration list for PBXNativeTarget "WeatherAppShowcase" */ = {
			isa = XCConfigurationList;
			buildConfigurations = (
				C5B1BE0A26E0C0CC00579339 /* Debug */,
				C5B1BE0B26E0C0CC00579339 /* Release */,
			);
			defaultConfigurationIsVisible = 0;
			defaultConfigurationName = Release;
		};
/* End XCConfigurationList section */
	};
	rootObject = C5B1BDED26E0C0CA00579339 /* Project object */;
}
